dependencies:
  diffy: 2.1.0
lockfileVersion: 5.1
packages:
  /ansi-diff/1.1.1:
    dependencies:
      ansi-split: 1.0.1
    dev: false
    resolution:
      integrity: sha512-XnTdFDQzbEewrDx8epWXdw7oqHMvv315vEtfqDiEhhWghIf4++h26c3/FMz7iTLhNrnj56DNIXpbxHZq+3s6qw==
  /ansi-regex/3.0.0:
    dev: false
    engines:
      node: '>=4'
    resolution:
      integrity: sha1-7QMXwyIGT3lGbAKWa922Bas32Zg=
  /ansi-split/1.0.1:
    dependencies:
      ansi-regex: 3.0.0
    dev: false
    resolution:
      integrity: sha512-RRxQym4DFtDNmHIkW6aeFVvrXURb11lGAEPXNiryjCe8bK8RsANjzJ0M2aGOkvBYwP4Bl/xZ8ijtr6D3j1x/eg==
  /diffy/2.1.0:
    dependencies:
      ansi-diff: 1.1.1
      neat-input: 1.10.0
    dev: false
    resolution:
      integrity: sha512-BIo2fEAv3U0YmyuM1XTijwZ/OJjmXnlSvsguQy3LOaz5C2R/vrMy8SCRdQn1iz3KhBJYJzy+918xS/PKY/47lw==
  /keypress/0.2.1:
    dev: false
    resolution:
      integrity: sha1-HoBFQlABjbrUw/6USX1uZ7YmnHc=
  /neat-input/1.10.0:
    dependencies:
      keypress: 0.2.1
    dev: false
    resolution:
      integrity: sha512-02JoPLCBocjslsujmMjNb12Fz2Ap4oCmCYWBSUmea4YN2EG7siBMZSQtpBjijpw65l3uR5NoSn/w7iumCjAONg==
specifiers:
  diffy: ^2.1.0
